<?xml version="1.0" encoding="utf-8"?>
<Project ToolsVersion="4.0" xmlns="http://schemas.microsoft.com/developer/msbuild/2003">
  <ItemGroup>
    <Filter Include="Core">
      <UniqueIdentifier>{b29f742b-b909-41a1-94a7-03ecb3d58c82}</UniqueIdentifier>
    </Filter>
    <Filter Include="UI">
      <UniqueIdentifier>{a54e7efb-719b-4873-9a0f-1861145b30f4}</UniqueIdentifier>
    </Filter>
    <Filter Include="Util">
      <UniqueIdentifier>{a788b343-691a-4d3d-96e3-a268530d9e79}</UniqueIdentifier>
    </Filter>
    <Filter Include="Kinect">
      <UniqueIdentifier>{f2f3f933-7110-4da6-bac1-cbd9e90924ac}</UniqueIdentifier>
    </Filter>
  </ItemGroup>
  <ItemGroup>
    <ClCompile Include="Core\Main.cpp">
      <Filter>Core</Filter>
    </ClCompile>
    <ClCompile Include="Util\ImageManager.cpp">
      <Filter>Util</Filter>
    </ClCompile>
    <ClCompile Include="UI\UserInterface.cpp">
      <Filter>UI</Filter>
    </ClCompile>
    <ClCompile Include="Core\Application.cpp">
      <Filter>Core</Filter>
    </ClCompile>
    <ClCompile Include="Util\RenderUtils.cpp">
      <Filter>Util</Filter>
    </ClCompile>
    <ClCompile Include="Kinect\Kinect.cpp">
      <Filter>Kinect</Filter>
    </ClCompile>
  </ItemGroup>
  <ItemGroup>
    <ClInclude Include="Core\Config.h">
      <Filter>Core</Filter>
    </ClInclude>
    <ClInclude Include="Core\Constants.h">
      <Filter>Core</Filter>
    </ClInclude>
    <ClInclude Include="Util\ImageManager.h">
      <Filter>Util</Filter>
    </ClInclude>
    <ClInclude Include="UI\UserInterface.h">
      <Filter>UI</Filter>
    </ClInclude>
    <ClInclude Include="Core\Application.h">
      <Filter>Core</Filter>
    </ClInclude>
    <ClInclude Include="Util\RenderUtils.h">
      <Filter>Util</Filter>
    </ClInclude>
    <ClInclude Include="Kinect\Kinect.h">
      <Filter>Kinect</Filter>
    </ClInclude>
  </ItemGroup>
</Project>